github.com/gotk3/gotk3 v0.4.0 h1:TIuhyQitGeRTxOQIV3AJlYtEWWJpC74JHwAIsxlH8MU=
github.com/gotk3/gotk3 v0.4.0/go.mod h1:Eew3QBwAOBTrfFFDmsDE5wZWbcagBL1NUslj1GhRveo=
github.com/gotk3/gotk3 v0.4.1-0.20200419120351-72ea2e79ea22 h1:xtQKYF+QL58DehiwLei/Y3uL8Y20UxUFaTFfbSDh5Kg=
github.com/gotk3/gotk3 v0.4.1-0.20200419120351-72ea2e79ea22/go.mod h1:Eew3QBwAOBTrfFFDmsDE5wZWbcagBL1NUslj1GhRveo=
